
Microsoft Visual Studio Solution File, Format Version 12.00
# Visual Studio Version 17
VisualStudioVersion = 17.0.32112.339
MinimumVisualStudioVersion = 10.0.40219.1
Project("{FAE04EC0-301F-11D3-BF4B-00C04F79EFBC}") = "ATC-1", "ATC-1\ATC-1.csproj", "{D7DBF8DB-839C-4B9D-A533-844BADDA9E0E}"
EndProject
Global
	GlobalSection(SolutionConfigurationPlatforms) = preSolution
		Debug|Any CPU = Debug|Any CPU
		Release|Any CPU = Release|Any CPU
	EndGlobalSection
	GlobalSection(ProjectConfigurationPlatforms) = postSolution
		{D7DBF8DB-839C-4B9D-A533-844BADDA9E0E}.Debug|Any CPU.ActiveCfg = Debug|Any CPU
		{D7DBF8DB-839C-4B9D-A533-844BADDA9E0E}.Debug|Any CPU.Build.0 = Debug|Any CPU
		{D7DBF8DB-839C-4B9D-A533-844BADDA9E0E}.Release|Any CPU.ActiveCfg = Release|Any CPU
		{D7DBF8DB-839C-4B9D-A533-844BADDA9E0E}.Release|Any CPU.Build.0 = Release|Any CPU
	EndGlobalSection
	GlobalSection(SolutionProperties) = preSolution
		HideSolutionNode = FALSE
	EndGlobalSection
	GlobalSection(ExtensibilityGlobals) = postSolution
		SolutionGuid = {C6FD6E5F-FEC8-46A4-9A28-DC9364DBAA76}
	EndGlobalSection
EndGlobal
